{
  "lockfile_version": "1",
  "packages": {
    "github:NixOS/nixpkgs/nixpkgs-unstable": {
      "last_modified": "2026-09-09T03:01:28Z",
      "resolved": "github:NixOS/nixpkgs/a391f95d4557d685fd8e5dc0d4b1f9271aa2f342?lastModified=1788922888&narHash=sha256-QMX3uerxnW2R5dHcWpIQILHDltOZnon3x3Spq7EzBFI%3D"
    },
    "gren@0.6": {
      "last_modified": "2026-08-27T07:16:00Z",
      "resolved": "github:NixOS/nixpkgs/c27cdad491a991b11ed731760aa2ef8db0cb0410#gren",
      "source": "devbox-search",
      "version": "0.6.6",
      "systems": {
        "aarch64-darwin": {
          "outputs": [
            {
              "name": "out",
              "path": "/nix/store/9zf079c4yzndm4afp2411hbl1rhvsja7-gren-0.6.6",
              "default": true
            }
          ],
          "store_path": "/nix/store/9zf079c4yzndm4afp2411hbl1rhvsja7-gren-0.6.6"
        },
        "aarch64-linux": {
          "outputs": [
            {
              "name": "out",
              "path": "/nix/store/87h66448lzrv4j5k12imwq38as18524p-gren-0.6.6",
              "default": true
            }
          ],
          "store_path": "/nix/store/87h66448lzrv4j5k12imwq38as18524p-gren-0.6.6"
        },
        "x86_64-darwin": {
          "outputs": [
            {
              "name": "out",
              "path": "/nix/store/56y0sjs175cqpwdfvq00yy29ibcyzbc8-gren-0.6.6",
              "default": true
            }
          ],
          "store_path": "/nix/store/56y0sjs175cqpwdfvq00yy29ibcyzbc8-gren-0.6.6"
        },
        "x86_64-linux": {
          "outputs": [
            {
              "name": "out",
              "path": "/nix/store/v3dwxk8jfhm13cfxxz4l45k50nbwmf4g-gren-0.6.6",
              "default": true
            }
          ],
          "store_path": "/nix/store/v3dwxk8jfhm13cfxxz4l45k50nbwmf4g-gren-0.6.6"
        }
      }
    },
    "nodePackages.prettier@latest": {
      "last_modified": "2025-05-21T18:43:04Z",
      "resolved": "github:NixOS/nixpkgs/8c441601c43232976179eac52dde704c8bdf81ed#nodePackages.prettier",
      "source": "devbox-search",
      "version": "3.5.3",
      "systems": {
        "aarch64-darwin": {
          "outputs": [
            {
              "name": "out",
              "path": "/nix/store/yspchsd3ww1ddz2r5783kw8y9j0vr3r8-prettier-3.5.3",
              "default": true
            }
          ],
          "store_path": "/nix/store/yspchsd3ww1ddz2r5783kw8y9j0vr3r8-prettier-3.5.3"
        },
        "aarch64-linux": {
          "outputs": [
            {
              "name": "out",
              "path": "/nix/store/ya3imag4wkxj3g5fws96rzyzv36m74w8-prettier-3.5.3",
              "default": true
            }
          ],
          "store_path": "/nix/store/ya3imag4wkxj3g5fws96rzyzv36m74w8-prettier-3.5.3"
        },
        "x86_64-darwin": {
          "outputs": [
            {
              "name": "out",
              "path": "/nix/store/f9q2y20qa56hjzxnia0q664m0rkwwqvm-prettier-3.5.3",
              "default": true
            }
          ],
          "store_path": "/nix/store/f9q2y20qa56hjzxnia0q664m0rkwwqvm-prettier-3.5.3"
        },
        "x86_64-linux": {
          "outputs": [
            {
              "name": "out",
              "path": "/nix/store/wry9vlk19pk7izrknb980icc8gihzllx-prettier-3.5.3",
              "default": true
            }
          ],
          "store_path": "/nix/store/wry9vlk19pk7izrknb980icc8gihzllx-prettier-3.5.3"
        }
      }
    },
    "nodejs@22": {
      "last_modified": "2026-08-27T07:16:00Z",
      "plugin_version": "0.0.4",
      "resolved": "github:NixOS/nixpkgs/c27cdad491a991b11ed731760aa2ef8db0cb0410#nodejs_22",
      "source": "devbox-search",
      "version": "22.23.2",
      "systems": {
        "aarch64-darwin": {
          "outputs": [
            {
              "name": "out",
              "path": "/nix/store/6hbiyfa4gzcjr6bnr440nnwznlsaldlc-nodejs-22.23.2",
              "default": true
            }
          ],
          "store_path": "/nix/store/6hbiyfa4gzcjr6bnr440nnwznlsaldlc-nodejs-22.23.2"
        },
        "aarch64-linux": {
          "outputs": [
            {
              "name": "out",
              "path": "/nix/store/v6xnbaql2wc91k13xcfhr60r52ich6bw-nodejs-22.23.2",
              "default": true
            }
          ],
          "store_path": "/nix/store/v6xnbaql2wc91k13xcfhr60r52ich6bw-nodejs-22.23.2"
        },
        "x86_64-linux": {
          "outputs": [
            {
              "name": "out",
              "path": "/nix/store/gf597zf0ysgbngwb92baxgxjd02px6jh-nodejs-22.23.2",
              "default": true
            }
          ],
          "store_path": "/nix/store/gf597zf0ysgbngwb92baxgxjd02px6jh-nodejs-22.23.2"
        }
      }
    }
  }
}
